
Microsoft Visual Studio Solution File, Format Version 12.00
# Visual Studio 15
Project("{FAE04EC0-301F-11D3-BF4B-00C04F79EFBC}") = "Unity.Timeline", "Unity.Timeline.csproj", "{D082409B-9889-8671-F987-7D0B1D074EAE}"
EndProject
Project("{FAE04EC0-301F-11D3-BF4B-00C04F79EFBC}") = "Unity.Timeline.Editor", "Unity.Timeline.Editor.csproj", "{BCB27930-BA6D-FD95-2BD4-533D8A1FF12C}"
EndProject
Project("{FAE04EC0-301F-11D3-BF4B-00C04F79EFBC}") = "Unity.TextMeshPro.Editor", "Unity.TextMeshPro.Editor.csproj", "{334139B9-B122-A2C1-0486-63F23C816323}"
EndProject
Project("{FAE04EC0-301F-11D3-BF4B-00C04F79EFBC}") = "Unity.VisualScripting.Flow", "Unity.VisualScripting.Flow.csproj", "{C05B3426-9CE4-44EF-788B-E36D0BA91DDE}"
EndProject
Project("{FAE04EC0-301F-11D3-BF4B-00C04F79EFBC}") = "Unity.ProBuilder", "Unity.ProBuilder.csproj", "{E2945075-DFFD-0ABE-78DE-8B08ED43A85C}"
EndProject
Project("{FAE04EC0-301F-11D3-BF4B-00C04F79EFBC}") = "Unity.PlasticSCM.Editor", "Unity.PlasticSCM.Editor.csproj", "{0E9BFF45-3894-4FE3-51AC-42DBC062CE60}"
EndProject
Project("{FAE04EC0-301F-11D3-BF4B-00C04F79EFBC}") = "Unity.InputSystem", "Unity.InputSystem.csproj", "{30278995-7673-9B92-8F2E-1ACD4091F0DB}"
EndProject
Project("{FAE04EC0-301F-11D3-BF4B-00C04F79EFBC}") = "Unity.ProBuilder.Editor", "Unity.ProBuilder.Editor.csproj", "{E55B2DEA-3177-4CF4-1515-45ADA856196D}"
EndProject
Project("{FAE04EC0-301F-11D3-BF4B-00C04F79EFBC}") = "Unity.VisualScripting.Core", "Unity.VisualScripting.Core.csproj", "{2E76B4D4-B9E8-BEA6-91CB-CD3E166B035C}"
EndProject
Project("{FAE04EC0-301F-11D3-BF4B-00C04F79EFBC}") = "Unity.VisualScripting.Core.Editor", "Unity.VisualScripting.Core.Editor.csproj", "{3B21E2BA-80D7-8FEF-5625-62E15BB67D04}"
EndProject
Project("{FAE04EC0-301F-11D3-BF4B-00C04F79EFBC}") = "Unity.VisualScripting.Flow.Editor", "Unity.VisualScripting.Flow.Editor.csproj", "{1A8B2B71-B28C-36AC-E134-106E6522ECD5}"
EndProject
Project("{FAE04EC0-301F-11D3-BF4B-00C04F79EFBC}") = "UnityEditor.TestRunner", "UnityEditor.TestRunner.csproj", "{F9799EA4-2F91-16BD-5CB1-4C1DE3E1BC96}"
EndProject
Project("{FAE04EC0-301F-11D3-BF4B-00C04F79EFBC}") = "Unity.ProBuilder.Poly2Tri", "Unity.ProBuilder.Poly2Tri.csproj", "{0854FE17-CAD9-E1A9-9D53-DAB3136023E5}"
EndProject
Project("{FAE04EC0-301F-11D3-BF4B-00C04F79EFBC}") = "Unity.VisualScripting.SettingsProvider.Editor", "Unity.VisualScripting.SettingsProvider.Editor.csproj", "{885477FB-3A6F-9D86-66A0-B29B4FF29786}"
EndProject
Project("{FAE04EC0-301F-11D3-BF4B-00C04F79EFBC}") = "UnityEngine.TestRunner", "UnityEngine.TestRunner.csproj", "{4E7F9D13-37C8-41D0-D9F5-EB6778239CD9}"
EndProject
Project("{FAE04EC0-301F-11D3-BF4B-00C04F79EFBC}") = "Unity.ProBuilder.Csg", "Unity.ProBuilder.Csg.csproj", "{3786FCE6-4D58-6296-328B-E2DF61C126C9}"
EndProject
Project("{FAE04EC0-301F-11D3-BF4B-00C04F79EFBC}") = "Unity.AI.Navigation.Editor", "Unity.AI.Navigation.Editor.csproj", "{F41E74B7-FD02-B321-1A7A-F6B0FB143B98}"
EndProject
Project("{FAE04EC0-301F-11D3-BF4B-00C04F79EFBC}") = "Unity.VisualStudio.Editor", "Unity.VisualStudio.Editor.csproj", "{E1D27DDA-B1D8-5624-F137-90FE7DBBB1FA}"
EndProject
Project("{FAE04EC0-301F-11D3-BF4B-00C04F79EFBC}") = "Unity.TestTools.CodeCoverage.Editor.OpenCover.Model", "Unity.TestTools.CodeCoverage.Editor.OpenCover.Model.csproj", "{B735C898-17C7-0BDA-8153-D69C303F3C2C}"
EndProject
Project("{FAE04EC0-301F-11D3-BF4B-00C04F79EFBC}") = "Unity.Rider.Editor", "Unity.Rider.Editor.csproj", "{E0472511-6AAD-8E50-D270-4332B5F548BF}"
EndProject
Project("{FAE04EC0-301F-11D3-BF4B-00C04F79EFBC}") = "Unity.AI.Navigation", "Unity.AI.Navigation.csproj", "{4F05CC10-271A-3711-5D5F-9D74B90190A2}"
EndProject
Project("{FAE04EC0-301F-11D3-BF4B-00C04F79EFBC}") = "Unity.AI.Navigation.Editor.ConversionSystem", "Unity.AI.Navigation.Editor.ConversionSystem.csproj", "{2B82BB97-9CCA-844B-31BD-F25F96F77B0F}"
EndProject
Project("{FAE04EC0-301F-11D3-BF4B-00C04F79EFBC}") = "Unity.VisualScripting.State.Editor", "Unity.VisualScripting.State.Editor.csproj", "{AE747149-4428-7C36-32DA-6D9011682CBC}"
EndProject
Project("{FAE04EC0-301F-11D3-BF4B-00C04F79EFBC}") = "Unity.TestTools.CodeCoverage.Editor", "Unity.TestTools.CodeCoverage.Editor.csproj", "{E5A0D238-9D90-38C4-F269-6024E615D76C}"
EndProject
Project("{FAE04EC0-301F-11D3-BF4B-00C04F79EFBC}") = "Unity.VisualScripting.State", "Unity.VisualScripting.State.csproj", "{F14360B6-A9AA-8798-1272-DCE43AE34241}"
EndProject
Project("{FAE04EC0-301F-11D3-BF4B-00C04F79EFBC}") = "Unity.TextMeshPro", "Unity.TextMeshPro.csproj", "{EFBEA747-0206-972F-0AC7-AAF60164098A}"
EndProject
Project("{FAE04EC0-301F-11D3-BF4B-00C04F79EFBC}") = "Unity.Performance.Profile-Analyzer.Editor", "Unity.Performance.Profile-Analyzer.Editor.csproj", "{63019039-AEDF-7506-6636-2FD503B471C5}"
EndProject
Project("{FAE04EC0-301F-11D3-BF4B-00C04F79EFBC}") = "Unity.VSCode.Editor", "Unity.VSCode.Editor.csproj", "{8CEB5F41-71F1-88E3-ADD9-765BDBC577CF}"
EndProject
Project("{FAE04EC0-301F-11D3-BF4B-00C04F79EFBC}") = "Unity.TestTools.CodeCoverage.Editor.OpenCover.Mono.Reflection", "Unity.TestTools.CodeCoverage.Editor.OpenCover.Mono.Reflection.csproj", "{F6E1E833-3D94-1A4F-7200-989E3CAC7C50}"
EndProject
Project("{FAE04EC0-301F-11D3-BF4B-00C04F79EFBC}") = "Assembly-CSharp", "Assembly-CSharp.csproj", "{2E6C4B10-53E9-7946-699F-B43A75427CB0}"
EndProject
Project("{FAE04EC0-301F-11D3-BF4B-00C04F79EFBC}") = "Unity.AI.Navigation.Updater", "Unity.AI.Navigation.Updater.csproj", "{9811B21E-44F6-0B6D-DD38-8C96E3C270FE}"
EndProject
Project("{FAE04EC0-301F-11D3-BF4B-00C04F79EFBC}") = "Unity.ProBuilder.Stl", "Unity.ProBuilder.Stl.csproj", "{83D58C88-2B40-BF81-2A73-75BC87C1D0BE}"
EndProject
Project("{FAE04EC0-301F-11D3-BF4B-00C04F79EFBC}") = "Unity.Settings.Editor", "Unity.Settings.Editor.csproj", "{41FED94A-04C1-6F4C-11FD-0D30428C3E87}"
EndProject
Project("{FAE04EC0-301F-11D3-BF4B-00C04F79EFBC}") = "Unity.ProBuilder.AssetIdRemapUtility", "Unity.ProBuilder.AssetIdRemapUtility.csproj", "{1F583CB6-BFBC-D395-33E4-6C41C91B4801}"
EndProject
Project("{FAE04EC0-301F-11D3-BF4B-00C04F79EFBC}") = "Unity.ProBuilder.KdTree", "Unity.ProBuilder.KdTree.csproj", "{D929D6AF-7C10-39DF-E1B7-EE3EBA99AA64}"
EndProject
Project("{FAE04EC0-301F-11D3-BF4B-00C04F79EFBC}") = "Unity.ProBuilder.AddOns.Editor", "Unity.ProBuilder.AddOns.Editor.csproj", "{6CDD1F79-FED4-F012-A0E6-6ADE5B66EAE2}"
EndProject
Project("{FAE04EC0-301F-11D3-BF4B-00C04F79EFBC}") = "Unity.InputSystem.ForUI", "Unity.InputSystem.ForUI.csproj", "{E2C05F4B-6D1A-54D7-0A05-93EED75E2174}"
EndProject
Project("{FAE04EC0-301F-11D3-BF4B-00C04F79EFBC}") = "Unity.EditorCoroutines.Editor", "Unity.EditorCoroutines.Editor.csproj", "{532387AA-64C7-E47B-25B2-FD7ECCD01251}"
EndProject
Project("{FAE04EC0-301F-11D3-BF4B-00C04F79EFBC}") = "Unity.InputSystem.TestFramework", "Unity.InputSystem.TestFramework.csproj", "{BA7EB6F9-6572-6216-06AE-AE706C2A1CE5}"
EndProject
Project("{FAE04EC0-301F-11D3-BF4B-00C04F79EFBC}") = "Unity.VisualScripting.Shared.Editor", "Unity.VisualScripting.Shared.Editor.csproj", "{C360663A-2A46-6FF2-C557-777D1EC17BB7}"
EndProject
Project("{FAE04EC0-301F-11D3-BF4B-00C04F79EFBC}") = "Unity.CollabProxy.Editor", "Unity.CollabProxy.Editor.csproj", "{4B3EFE42-2E5B-D824-4B9E-C874AF6994D9}"
EndProject
Global
	GlobalSection(SolutionConfigurationPlatforms) = preSolution
		Debug|Any CPU = Debug|Any CPU
		Release|Any CPU = Release|Any CPU
	EndGlobalSection
	GlobalSection(ProjectConfigurationPlatforms) = postSolution
		{D082409B-9889-8671-F987-7D0B1D074EAE}.Debug|Any CPU.ActiveCfg = Debug|Any CPU
		{D082409B-9889-8671-F987-7D0B1D074EAE}.Debug|Any CPU.Build.0 = Debug|Any CPU
		{D082409B-9889-8671-F987-7D0B1D074EAE}.Release|Any CPU.ActiveCfg = Release|Any CPU
		{D082409B-9889-8671-F987-7D0B1D074EAE}.Release|Any CPU.Build.0 = Release|Any CPU
		{BCB27930-BA6D-FD95-2BD4-533D8A1FF12C}.Debug|Any CPU.ActiveCfg = Debug|Any CPU
		{BCB27930-BA6D-FD95-2BD4-533D8A1FF12C}.Debug|Any CPU.Build.0 = Debug|Any CPU
		{BCB27930-BA6D-FD95-2BD4-533D8A1FF12C}.Release|Any CPU.ActiveCfg = Release|Any CPU
		{BCB27930-BA6D-FD95-2BD4-533D8A1FF12C}.Release|Any CPU.Build.0 = Release|Any CPU
		{334139B9-B122-A2C1-0486-63F23C816323}.Debug|Any CPU.ActiveCfg = Debug|Any CPU
		{334139B9-B122-A2C1-0486-63F23C816323}.Debug|Any CPU.Build.0 = Debug|Any CPU
		{334139B9-B122-A2C1-0486-63F23C816323}.Release|Any CPU.ActiveCfg = Release|Any CPU
		{334139B9-B122-A2C1-0486-63F23C816323}.Release|Any CPU.Build.0 = Release|Any CPU
		{C05B3426-9CE4-44EF-788B-E36D0BA91DDE}.Debug|Any CPU.ActiveCfg = Debug|Any CPU
		{C05B3426-9CE4-44EF-788B-E36D0BA91DDE}.Debug|Any CPU.Build.0 = Debug|Any CPU
		{C05B3426-9CE4-44EF-788B-E36D0BA91DDE}.Release|Any CPU.ActiveCfg = Release|Any CPU
		{C05B3426-9CE4-44EF-788B-E36D0BA91DDE}.Release|Any CPU.Build.0 = Release|Any CPU
		{E2945075-DFFD-0ABE-78DE-8B08ED43A85C}.Debug|Any CPU.ActiveCfg = Debug|Any CPU
		{E2945075-DFFD-0ABE-78DE-8B08ED43A85C}.Debug|Any CPU.Build.0 = Debug|Any CPU
		{E2945075-DFFD-0ABE-78DE-8B08ED43A85C}.Release|Any CPU.ActiveCfg = Release|Any CPU
		{E2945075-DFFD-0ABE-78DE-8B08ED43A85C}.Release|Any CPU.Build.0 = Release|Any CPU
		{0E9BFF45-3894-4FE3-51AC-42DBC062CE60}.Debug|Any CPU.ActiveCfg = Debug|Any CPU
		{0E9BFF45-3894-4FE3-51AC-42DBC062CE60}.Debug|Any CPU.Build.0 = Debug|Any CPU
		{0E9BFF45-3894-4FE3-51AC-42DBC062CE60}.Release|Any CPU.ActiveCfg = Release|Any CPU
		{0E9BFF45-3894-4FE3-51AC-42DBC062CE60}.Release|Any CPU.Build.0 = Release|Any CPU
		{30278995-7673-9B92-8F2E-1ACD4091F0DB}.Debug|Any CPU.ActiveCfg = Debug|Any CPU
		{30278995-7673-9B92-8F2E-1ACD4091F0DB}.Debug|Any CPU.Build.0 = Debug|Any CPU
		{30278995-7673-9B92-8F2E-1ACD4091F0DB}.Release|Any CPU.ActiveCfg = Release|Any CPU
		{30278995-7673-9B92-8F2E-1ACD4091F0DB}.Release|Any CPU.Build.0 = Release|Any CPU
		{E55B2DEA-3177-4CF4-1515-45ADA856196D}.Debug|Any CPU.ActiveCfg = Debug|Any CPU
		{E55B2DEA-3177-4CF4-1515-45ADA856196D}.Debug|Any CPU.Build.0 = Debug|Any CPU
		{E55B2DEA-3177-4CF4-1515-45ADA856196D}.Release|Any CPU.ActiveCfg = Release|Any CPU
		{E55B2DEA-3177-4CF4-1515-45ADA856196D}.Release|Any CPU.Build.0 = Release|Any CPU
		{2E76B4D4-B9E8-BEA6-91CB-CD3E166B035C}.Debug|Any CPU.ActiveCfg = Debug|Any CPU
		{2E76B4D4-B9E8-BEA6-91CB-CD3E166B035C}.Debug|Any CPU.Build.0 = Debug|Any CPU
		{2E76B4D4-B9E8-BEA6-91CB-CD3E166B035C}.Release|Any CPU.ActiveCfg = Release|Any CPU
		{2E76B4D4-B9E8-BEA6-91CB-CD3E166B035C}.Release|Any CPU.Build.0 = Release|Any CPU
		{3B21E2BA-80D7-8FEF-5625-62E15BB67D04}.Debug|Any CPU.ActiveCfg = Debug|Any CPU
		{3B21E2BA-80D7-8FEF-5625-62E15BB67D04}.Debug|Any CPU.Build.0 = Debug|Any CPU
		{3B21E2BA-80D7-8FEF-5625-62E15BB67D04}.Release|Any CPU.ActiveCfg = Release|Any CPU
		{3B21E2BA-80D7-8FEF-5625-62E15BB67D04}.Release|Any CPU.Build.0 = Release|Any CPU
		{1A8B2B71-B28C-36AC-E134-106E6522ECD5}.Debug|Any CPU.ActiveCfg = Debug|Any CPU
		{1A8B2B71-B28C-36AC-E134-106E6522ECD5}.Debug|Any CPU.Build.0 = Debug|Any CPU
		{1A8B2B71-B28C-36AC-E134-106E6522ECD5}.Release|Any CPU.ActiveCfg = Release|Any CPU
		{1A8B2B71-B28C-36AC-E134-106E6522ECD5}.Release|Any CPU.Build.0 = Release|Any CPU
		{F9799EA4-2F91-16BD-5CB1-4C1DE3E1BC96}.Debug|Any CPU.ActiveCfg = Debug|Any CPU
		{F9799EA4-2F91-16BD-5CB1-4C1DE3E1BC96}.Debug|Any CPU.Build.0 = Debug|Any CPU
		{F9799EA4-2F91-16BD-5CB1-4C1DE3E1BC96}.Release|Any CPU.ActiveCfg = Release|Any CPU
		{F9799EA4-2F91-16BD-5CB1-4C1DE3E1BC96}.Release|Any CPU.Build.0 = Release|Any CPU
		{0854FE17-CAD9-E1A9-9D53-DAB3136023E5}.Debug|Any CPU.ActiveCfg = Debug|Any CPU
		{0854FE17-CAD9-E1A9-9D53-DAB3136023E5}.Debug|Any CPU.Build.0 = Debug|Any CPU
		{0854FE17-CAD9-E1A9-9D53-DAB3136023E5}.Release|Any CPU.ActiveCfg = Release|Any CPU
		{0854FE17-CAD9-E1A9-9D53-DAB3136023E5}.Release|Any CPU.Build.0 = Release|Any CPU
		{885477FB-3A6F-9D86-66A0-B29B4FF29786}.Debug|Any CPU.ActiveCfg = Debug|Any CPU
		{885477FB-3A6F-9D86-66A0-B29B4FF29786}.Debug|Any CPU.Build.0 = Debug|Any CPU
		{885477FB-3A6F-9D86-66A0-B29B4FF29786}.Release|Any CPU.ActiveCfg = Release|Any CPU
		{885477FB-3A6F-9D86-66A0-B29B4FF29786}.Release|Any CPU.Build.0 = Release|Any CPU
		{4E7F9D13-37C8-41D0-D9F5-EB6778239CD9}.Debug|Any CPU.ActiveCfg = Debug|Any CPU
		{4E7F9D13-37C8-41D0-D9F5-EB6778239CD9}.Debug|Any CPU.Build.0 = Debug|Any CPU
		{4E7F9D13-37C8-41D0-D9F5-EB6778239CD9}.Release|Any CPU.ActiveCfg = Release|Any CPU
		{4E7F9D13-37C8-41D0-D9F5-EB6778239CD9}.Release|Any CPU.Build.0 = Release|Any CPU
		{3786FCE6-4D58-6296-328B-E2DF61C126C9}.Debug|Any CPU.ActiveCfg = Debug|Any CPU
		{3786FCE6-4D58-6296-328B-E2DF61C126C9}.Debug|Any CPU.Build.0 = Debug|Any CPU
		{3786FCE6-4D58-6296-328B-E2DF61C126C9}.Release|Any CPU.ActiveCfg = Release|Any CPU
		{3786FCE6-4D58-6296-328B-E2DF61C126C9}.Release|Any CPU.Build.0 = Release|Any CPU
		{F41E74B7-FD02-B321-1A7A-F6B0FB143B98}.Debug|Any CPU.ActiveCfg = Debug|Any CPU
		{F41E74B7-FD02-B321-1A7A-F6B0FB143B98}.Debug|Any CPU.Build.0 = Debug|Any CPU
		{F41E74B7-FD02-B321-1A7A-F6B0FB143B98}.Release|Any CPU.ActiveCfg = Release|Any CPU
		{F41E74B7-FD02-B321-1A7A-F6B0FB143B98}.Release|Any CPU.Build.0 = Release|Any CPU
		{E1D27DDA-B1D8-5624-F137-90FE7DBBB1FA}.Debug|Any CPU.ActiveCfg = Debug|Any CPU
		{E1D27DDA-B1D8-5624-F137-90FE7DBBB1FA}.Debug|Any CPU.Build.0 = Debug|Any CPU
		{E1D27DDA-B1D8-5624-F137-90FE7DBBB1FA}.Release|Any CPU.ActiveCfg = Release|Any CPU
		{E1D27DDA-B1D8-5624-F137-90FE7DBBB1FA}.Release|Any CPU.Build.0 = Release|Any CPU
		{B735C898-17C7-0BDA-8153-D69C303F3C2C}.Debug|Any CPU.ActiveCfg = Debug|Any CPU
		{B735C898-17C7-0BDA-8153-D69C303F3C2C}.Debug|Any CPU.Build.0 = Debug|Any CPU
		{B735C898-17C7-0BDA-8153-D69C303F3C2C}.Release|Any CPU.ActiveCfg = Release|Any CPU
		{B735C898-17C7-0BDA-8153-D69C303F3C2C}.Release|Any CPU.Build.0 = Release|Any CPU
		{E0472511-6AAD-8E50-D270-4332B5F548BF}.Debug|Any CPU.ActiveCfg = Debug|Any CPU
		{E0472511-6AAD-8E50-D270-4332B5F548BF}.Debug|Any CPU.Build.0 = Debug|Any CPU
		{E0472511-6AAD-8E50-D270-4332B5F548BF}.Release|Any CPU.ActiveCfg = Release|Any CPU
		{E0472511-6AAD-8E50-D270-4332B5F548BF}.Release|Any CPU.Build.0 = Release|Any CPU
		{4F05CC10-271A-3711-5D5F-9D74B90190A2}.Debug|Any CPU.ActiveCfg = Debug|Any CPU
		{4F05CC10-271A-3711-5D5F-9D74B90190A2}.Debug|Any CPU.Build.0 = Debug|Any CPU
		{4F05CC10-271A-3711-5D5F-9D74B90190A2}.Release|Any CPU.ActiveCfg = Release|Any CPU
		{4F05CC10-271A-3711-5D5F-9D74B90190A2}.Release|Any CPU.Build.0 = Release|Any CPU
		{2B82BB97-9CCA-844B-31BD-F25F96F77B0F}.Debug|Any CPU.ActiveCfg = Debug|Any CPU
		{2B82BB97-9CCA-844B-31BD-F25F96F77B0F}.Debug|Any CPU.Build.0 = Debug|Any CPU
		{2B82BB97-9CCA-844B-31BD-F25F96F77B0F}.Release|Any CPU.ActiveCfg = Release|Any CPU
		{2B82BB97-9CCA-844B-31BD-F25F96F77B0F}.Release|Any CPU.Build.0 = Release|Any CPU
		{AE747149-4428-7C36-32DA-6D9011682CBC}.Debug|Any CPU.ActiveCfg = Debug|Any CPU
		{AE747149-4428-7C36-32DA-6D9011682CBC}.Debug|Any CPU.Build.0 = Debug|Any CPU
		{AE747149-4428-7C36-32DA-6D9011682CBC}.Release|Any CPU.ActiveCfg = Release|Any CPU
		{AE747149-4428-7C36-32DA-6D9011682CBC}.Release|Any CPU.Build.0 = Release|Any CPU
		{E5A0D238-9D90-38C4-F269-6024E615D76C}.Debug|Any CPU.ActiveCfg = Debug|Any CPU
		{E5A0D238-9D90-38C4-F269-6024E615D76C}.Debug|Any CPU.Build.0 = Debug|Any CPU
		{E5A0D238-9D90-38C4-F269-6024E615D76C}.Release|Any CPU.ActiveCfg = Release|Any CPU
		{E5A0D238-9D90-38C4-F269-6024E615D76C}.Release|Any CPU.Build.0 = Release|Any CPU
		{F14360B6-A9AA-8798-1272-DCE43AE34241}.Debug|Any CPU.ActiveCfg = Debug|Any CPU
		{F14360B6-A9AA-8798-1272-DCE43AE34241}.Debug|Any CPU.Build.0 = Debug|Any CPU
		{F14360B6-A9AA-8798-1272-DCE43AE34241}.Release|Any CPU.ActiveCfg = Release|Any CPU
		{F14360B6-A9AA-8798-1272-DCE43AE34241}.Release|Any CPU.Build.0 = Release|Any CPU
		{EFBEA747-0206-972F-0AC7-AAF60164098A}.Debug|Any CPU.ActiveCfg = Debug|Any CPU
		{EFBEA747-0206-972F-0AC7-AAF60164098A}.Debug|Any CPU.Build.0 = Debug|Any CPU
		{EFBEA747-0206-972F-0AC7-AAF60164098A}.Release|Any CPU.ActiveCfg = Release|Any CPU
		{EFBEA747-0206-972F-0AC7-AAF60164098A}.Release|Any CPU.Build.0 = Release|Any CPU
		{63019039-AEDF-7506-6636-2FD503B471C5}.Debug|Any CPU.ActiveCfg = Debug|Any CPU
		{63019039-AEDF-7506-6636-2FD503B471C5}.Debug|Any CPU.Build.0 = Debug|Any CPU
		{63019039-AEDF-7506-6636-2FD503B471C5}.Release|Any CPU.ActiveCfg = Release|Any CPU
		{63019039-AEDF-7506-6636-2FD503B471C5}.Release|Any CPU.Build.0 = Release|Any CPU
		{8CEB5F41-71F1-88E3-ADD9-765BDBC577CF}.Debug|Any CPU.ActiveCfg = Debug|Any CPU
		{8CEB5F41-71F1-88E3-ADD9-765BDBC577CF}.Debug|Any CPU.Build.0 = Debug|Any CPU
		{8CEB5F41-71F1-88E3-ADD9-765BDBC577CF}.Release|Any CPU.ActiveCfg = Release|Any CPU
		{8CEB5F41-71F1-88E3-ADD9-765BDBC577CF}.Release|Any CPU.Build.0 = Release|Any CPU
		{F6E1E833-3D94-1A4F-7200-989E3CAC7C50}.Debug|Any CPU.ActiveCfg = Debug|Any CPU
		{F6E1E833-3D94-1A4F-7200-989E3CAC7C50}.Debug|Any CPU.Build.0 = Debug|Any CPU
		{F6E1E833-3D94-1A4F-7200-989E3CAC7C50}.Release|Any CPU.ActiveCfg = Release|Any CPU
		{F6E1E833-3D94-1A4F-7200-989E3CAC7C50}.Release|Any CPU.Build.0 = Release|Any CPU
		{2E6C4B10-53E9-7946-699F-B43A75427CB0}.Debug|Any CPU.ActiveCfg = Debug|Any CPU
		{2E6C4B10-53E9-7946-699F-B43A75427CB0}.Debug|Any CPU.Build.0 = Debug|Any CPU
		{2E6C4B10-53E9-7946-699F-B43A75427CB0}.Release|Any CPU.ActiveCfg = Release|Any CPU
		{2E6C4B10-53E9-7946-699F-B43A75427CB0}.Release|Any CPU.Build.0 = Release|Any CPU
		{9811B21E-44F6-0B6D-DD38-8C96E3C270FE}.Debug|Any CPU.ActiveCfg = Debug|Any CPU
		{9811B21E-44F6-0B6D-DD38-8C96E3C270FE}.Debug|Any CPU.Build.0 = Debug|Any CPU
		{9811B21E-44F6-0B6D-DD38-8C96E3C270FE}.Release|Any CPU.ActiveCfg = Release|Any CPU
		{9811B21E-44F6-0B6D-DD38-8C96E3C270FE}.Release|Any CPU.Build.0 = Release|Any CPU
		{83D58C88-2B40-BF81-2A73-75BC87C1D0BE}.Debug|Any CPU.ActiveCfg = Debug|Any CPU
		{83D58C88-2B40-BF81-2A73-75BC87C1D0BE}.Debug|Any CPU.Build.0 = Debug|Any CPU
		{83D58C88-2B40-BF81-2A73-75BC87C1D0BE}.Release|Any CPU.ActiveCfg = Release|Any CPU
		{83D58C88-2B40-BF81-2A73-75BC87C1D0BE}.Release|Any CPU.Build.0 = Release|Any CPU
		{41FED94A-04C1-6F4C-11FD-0D30428C3E87}.Debug|Any CPU.ActiveCfg = Debug|Any CPU
		{41FED94A-04C1-6F4C-11FD-0D30428C3E87}.Debug|Any CPU.Build.0 = Debug|Any CPU
		{41FED94A-04C1-6F4C-11FD-0D30428C3E87}.Release|Any CPU.ActiveCfg = Release|Any CPU
		{41FED94A-04C1-6F4C-11FD-0D30428C3E87}.Release|Any CPU.Build.0 = Release|Any CPU
		{1F583CB6-BFBC-D395-33E4-6C41C91B4801}.Debug|Any CPU.ActiveCfg = Debug|Any CPU
		{1F583CB6-BFBC-D395-33E4-6C41C91B4801}.Debug|Any CPU.Build.0 = Debug|Any CPU
		{1F583CB6-BFBC-D395-33E4-6C41C91B4801}.Release|Any CPU.ActiveCfg = Release|Any CPU
		{1F583CB6-BFBC-D395-33E4-6C41C91B4801}.Release|Any CPU.Build.0 = Release|Any CPU
		{D929D6AF-7C10-39DF-E1B7-EE3EBA99AA64}.Debug|Any CPU.ActiveCfg = Debug|Any CPU
		{D929D6AF-7C10-39DF-E1B7-EE3EBA99AA64}.Debug|Any CPU.Build.0 = Debug|Any CPU
		{D929D6AF-7C10-39DF-E1B7-EE3EBA99AA64}.Release|Any CPU.ActiveCfg = Release|Any CPU
		{D929D6AF-7C10-39DF-E1B7-EE3EBA99AA64}.Release|Any CPU.Build.0 = Release|Any CPU
		{6CDD1F79-FED4-F012-A0E6-6ADE5B66EAE2}.Debug|Any CPU.ActiveCfg = Debug|Any CPU
		{6CDD1F79-FED4-F012-A0E6-6ADE5B66EAE2}.Debug|Any CPU.Build.0 = Debug|Any CPU
		{6CDD1F79-FED4-F012-A0E6-6ADE5B66EAE2}.Release|Any CPU.ActiveCfg = Release|Any CPU
		{6CDD1F79-FED4-F012-A0E6-6ADE5B66EAE2}.Release|Any CPU.Build.0 = Release|Any CPU
		{E2C05F4B-6D1A-54D7-0A05-93EED75E2174}.Debug|Any CPU.ActiveCfg = Debug|Any CPU
		{E2C05F4B-6D1A-54D7-0A05-93EED75E2174}.Debug|Any CPU.Build.0 = Debug|Any CPU
		{E2C05F4B-6D1A-54D7-0A05-93EED75E2174}.Release|Any CPU.ActiveCfg = Release|Any CPU
		{E2C05F4B-6D1A-54D7-0A05-93EED75E2174}.Release|Any CPU.Build.0 = Release|Any CPU
		{532387AA-64C7-E47B-25B2-FD7ECCD01251}.Debug|Any CPU.ActiveCfg = Debug|Any CPU
		{532387AA-64C7-E47B-25B2-FD7ECCD01251}.Debug|Any CPU.Build.0 = Debug|Any CPU
		{532387AA-64C7-E47B-25B2-FD7ECCD01251}.Release|Any CPU.ActiveCfg = Release|Any CPU
		{532387AA-64C7-E47B-25B2-FD7ECCD01251}.Release|Any CPU.Build.0 = Release|Any CPU
		{BA7EB6F9-6572-6216-06AE-AE706C2A1CE5}.Debug|Any CPU.ActiveCfg = Debug|Any CPU
		{BA7EB6F9-6572-6216-06AE-AE706C2A1CE5}.Debug|Any CPU.Build.0 = Debug|Any CPU
		{BA7EB6F9-6572-6216-06AE-AE706C2A1CE5}.Release|Any CPU.ActiveCfg = Release|Any CPU
		{BA7EB6F9-6572-6216-06AE-AE706C2A1CE5}.Release|Any CPU.Build.0 = Release|Any CPU
		{C360663A-2A46-6FF2-C557-777D1EC17BB7}.Debug|Any CPU.ActiveCfg = Debug|Any CPU
		{C360663A-2A46-6FF2-C557-777D1EC17BB7}.Debug|Any CPU.Build.0 = Debug|Any CPU
		{C360663A-2A46-6FF2-C557-777D1EC17BB7}.Release|Any CPU.ActiveCfg = Release|Any CPU
		{C360663A-2A46-6FF2-C557-777D1EC17BB7}.Release|Any CPU.Build.0 = Release|Any CPU
		{4B3EFE42-2E5B-D824-4B9E-C874AF6994D9}.Debug|Any CPU.ActiveCfg = Debug|Any CPU
		{4B3EFE42-2E5B-D824-4B9E-C874AF6994D9}.Debug|Any CPU.Build.0 = Debug|Any CPU
		{4B3EFE42-2E5B-D824-4B9E-C874AF6994D9}.Release|Any CPU.ActiveCfg = Release|Any CPU
		{4B3EFE42-2E5B-D824-4B9E-C874AF6994D9}.Release|Any CPU.Build.0 = Release|Any CPU
	EndGlobalSection
	GlobalSection(SolutionProperties) = preSolution
		HideSolutionNode = FALSE
	EndGlobalSection
EndGlobal
